# THIS IS AN AUTOGENERATED FILE. DO NOT EDIT THIS FILE DIRECTLY.
# yarn lockfile v1


mobx@^6.0.4:
  version "6.0.4"
  resolved "https://eu.artifactory.swg-devops.com/artifactory/api/npm/sec-ibmi2-npm/mobx/-/mobx-6.0.4.tgz?dl=https%3A%2F%2Fregistry.npmjs.org%2Fmobx%2F-%2Fmobx-6.0.4.tgz#8fc3e3629a3346f8afddf5bd954411974744dad1"
  integrity sha1-j8PjYpozRviv3fW9lUQRl0dE2tE=

typescript@^4.1.3:
  version "4.1.3"
  resolved "https://eu.artifactory.swg-devops.com/artifactory/api/npm/sec-ibmi2-npm/typescript/-/typescript-4.1.3.tgz?dl=https%3A%2F%2Fregistry.npmjs.org%2Ftypescript%2F-%2Ftypescript-4.1.3.tgz#519d582bd94cba0cf8934c7d8e8467e473f53bb7"
  integrity sha1-UZ1YK9lMugz4k0x9joRn5HP1O7c=
